
Microsoft Visual Studio Solution File, Format Version 12.00
# Visual Studio Version 17
VisualStudioVersion = 17.9.34714.143
MinimumVisualStudioVersion = 10.0.40219.1
Project("{9A19103F-16F7-4668-BE54-9A1E7A4F7556}") = "WebApiOpenTelemetry", "WebApiOpenTelemetry\WebApiOpenTelemetry.csproj", "{C1DF4923-B99E-412F-9918-53AEC9D298F7}"
EndProject
Project("{2150E333-8FDC-42A3-9474-1A3956D46DE8}") = "Solution Items", "Solution Items", "{CE4A0E06-A5DD-4349-AB62-C9878524D2DE}"
	ProjectSection(SolutionItems) = preProject
		readme.md = readme.md
	EndProjectSection
EndProject
Project("{E53339B2-1760-4266-BCC7-CA923CBCF16C}") = "docker-compose", "docker-compose.dcproj", "{6147A4EB-453E-449C-9C7B-D7D5E0322327}"
EndProject
Global
	GlobalSection(SolutionConfigurationPlatforms) = preSolution
		Debug|Any CPU = Debug|Any CPU
		Release|Any CPU = Release|Any CPU
	EndGlobalSection
	GlobalSection(ProjectConfigurationPlatforms) = postSolution
		{C1DF4923-B99E-412F-9918-53AEC9D298F7}.Debug|Any CPU.ActiveCfg = Debug|Any CPU
		{C1DF4923-B99E-412F-9918-53AEC9D298F7}.Debug|Any CPU.Build.0 = Debug|Any CPU
		{C1DF4923-B99E-412F-9918-53AEC9D298F7}.Release|Any CPU.ActiveCfg = Release|Any CPU
		{C1DF4923-B99E-412F-9918-53AEC9D298F7}.Release|Any CPU.Build.0 = Release|Any CPU
		{6147A4EB-453E-449C-9C7B-D7D5E0322327}.Debug|Any CPU.ActiveCfg = Debug|Any CPU
		{6147A4EB-453E-449C-9C7B-D7D5E0322327}.Debug|Any CPU.Build.0 = Debug|Any CPU
		{6147A4EB-453E-449C-9C7B-D7D5E0322327}.Release|Any CPU.ActiveCfg = Release|Any CPU
		{6147A4EB-453E-449C-9C7B-D7D5E0322327}.Release|Any CPU.Build.0 = Release|Any CPU
	EndGlobalSection
	GlobalSection(SolutionProperties) = preSolution
		HideSolutionNode = FALSE
	EndGlobalSection
	GlobalSection(ExtensibilityGlobals) = postSolution
		SolutionGuid = {ECD6FB53-9DFC-41C9-B8D8-463E9D6480BF}
	EndGlobalSection
EndGlobal
